
Microsoft Visual Studio Solution File, Format Version 12.00
# Visual Studio 15
VisualStudioVersion = 15.0.28010.0
MinimumVisualStudioVersion = 10.0.40219.1
Project("{9A19103F-16F7-4668-BE54-9A1E7A4F7556}") = "VersionManagement", "VersionManagement\VersionManagement.csproj", "{CA6787AF-A2CA-4ED1-8AB6-27D3C2370831}"
EndProject
Global
	GlobalSection(SolutionConfigurationPlatforms) = preSolution
		Debug|Any CPU = Debug|Any CPU
		Release|Any CPU = Release|Any CPU
	EndGlobalSection
	GlobalSection(ProjectConfigurationPlatforms) = postSolution
		{CA6787AF-A2CA-4ED1-8AB6-27D3C2370831}.Debug|Any CPU.ActiveCfg = Debug|Any CPU
		{CA6787AF-A2CA-4ED1-8AB6-27D3C2370831}.Debug|Any CPU.Build.0 = Debug|Any CPU
		{CA6787AF-A2CA-4ED1-8AB6-27D3C2370831}.Release|Any CPU.ActiveCfg = Release|Any CPU
		{CA6787AF-A2CA-4ED1-8AB6-27D3C2370831}.Release|Any CPU.Build.0 = Release|Any CPU
	EndGlobalSection
	GlobalSection(SolutionProperties) = preSolution
		HideSolutionNode = FALSE
	EndGlobalSection
	GlobalSection(ExtensibilityGlobals) = postSolution
		SolutionGuid = {22D6AC23-DB0F-4DC4-9AD4-101A68897F5E}
	EndGlobalSection
EndGlobal
